
Microsoft Visual Studio Solution File, Format Version 12.00
# Visual Studio Version 17
VisualStudioVersion = 17.14.37328.6
MinimumVisualStudioVersion = 10.0.40219.1
Project("{FAE04EC0-301F-11D3-BF4B-00C04F79EFBC}") = "AIGeekTuner", "AIGeekTuner\AIGeekTuner.csproj", "{E5F2FE8C-C8BD-4CD5-A29F-6F78FC3E780D}"
EndProject
Project("{FAE04EC0-301F-11D3-BF4B-00C04F79EFBC}") = "AIGeekTuner.Tests", "AIGeekTuner.Tests\AIGeekTuner.Tests.csproj", "{24E8C153-E55A-4E89-A392-A2A01485F5A9}"
EndProject
Global
	GlobalSection(SolutionConfigurationPlatforms) = preSolution
		Debug|Any CPU = Debug|Any CPU
		Debug|x64 = Debug|x64
		Debug|x86 = Debug|x86
		Release|Any CPU = Release|Any CPU
		Release|x64 = Release|x64
		Release|x86 = Release|x86
	EndGlobalSection
	GlobalSection(ProjectConfigurationPlatforms) = postSolution
		{E5F2FE8C-C8BD-4CD5-A29F-6F78FC3E780D}.Debug|Any CPU.ActiveCfg = Debug|Any CPU
		{E5F2FE8C-C8BD-4CD5-A29F-6F78FC3E780D}.Debug|Any CPU.Build.0 = Debug|Any CPU
		{E5F2FE8C-C8BD-4CD5-A29F-6F78FC3E780D}.Debug|x64.ActiveCfg = Debug|Any CPU
		{E5F2FE8C-C8BD-4CD5-A29F-6F78FC3E780D}.Debug|x64.Build.0 = Debug|Any CPU
		{E5F2FE8C-C8BD-4CD5-A29F-6F78FC3E780D}.Debug|x86.ActiveCfg = Debug|Any CPU
		{E5F2FE8C-C8BD-4CD5-A29F-6F78FC3E780D}.Debug|x86.Build.0 = Debug|Any CPU
		{E5F2FE8C-C8BD-4CD5-A29F-6F78FC3E780D}.Release|Any CPU.ActiveCfg = Release|Any CPU
		{E5F2FE8C-C8BD-4CD5-A29F-6F78FC3E780D}.Release|Any CPU.Build.0 = Release|Any CPU
		{E5F2FE8C-C8BD-4CD5-A29F-6F78FC3E780D}.Release|x64.ActiveCfg = Release|Any CPU
		{E5F2FE8C-C8BD-4CD5-A29F-6F78FC3E780D}.Release|x64.Build.0 = Release|Any CPU
		{E5F2FE8C-C8BD-4CD5-A29F-6F78FC3E780D}.Release|x86.ActiveCfg = Release|Any CPU
		{E5F2FE8C-C8BD-4CD5-A29F-6F78FC3E780D}.Release|x86.Build.0 = Release|Any CPU
		{24E8C153-E55A-4E89-A392-A2A01485F5A9}.Debug|Any CPU.ActiveCfg = Debug|Any CPU
		{24E8C153-E55A-4E89-A392-A2A01485F5A9}.Debug|Any CPU.Build.0 = Debug|Any CPU
		{24E8C153-E55A-4E89-A392-A2A01485F5A9}.Debug|x64.ActiveCfg = Debug|Any CPU
		{24E8C153-E55A-4E89-A392-A2A01485F5A9}.Debug|x64.Build.0 = Debug|Any CPU
		{24E8C153-E55A-4E89-A392-A2A01485F5A9}.Debug|x86.ActiveCfg = Debug|Any CPU
		{24E8C153-E55A-4E89-A392-A2A01485F5A9}.Debug|x86.Build.0 = Debug|Any CPU
		{24E8C153-E55A-4E89-A392-A2A01485F5A9}.Release|Any CPU.ActiveCfg = Release|Any CPU
		{24E8C153-E55A-4E89-A392-A2A01485F5A9}.Release|Any CPU.Build.0 = Release|Any CPU
		{24E8C153-E55A-4E89-A392-A2A01485F5A9}.Release|x64.ActiveCfg = Release|Any CPU
		{24E8C153-E55A-4E89-A392-A2A01485F5A9}.Release|x64.Build.0 = Release|Any CPU
		{24E8C153-E55A-4E89-A392-A2A01485F5A9}.Release|x86.ActiveCfg = Release|Any CPU
		{24E8C153-E55A-4E89-A392-A2A01485F5A9}.Release|x86.Build.0 = Release|Any CPU
	EndGlobalSection
	GlobalSection(SolutionProperties) = preSolution
		HideSolutionNode = FALSE
	EndGlobalSection
	GlobalSection(ExtensibilityGlobals) = postSolution
		SolutionGuid = {512A5EC8-2556-4737-9962-E143107D6A36}
	EndGlobalSection
EndGlobal
